[[package]]
name = "art"
version = "5.5"
description = "ASCII Art Library For Python"
category = "main"
optional = false
python-versions = ">=2.7"

[package.extras]
dev = ["coverage (>=4.1)", "codecov (>=2.0.15)", "vulture (>=1.0)", "bandit (>=1.5.1)", "pydocstyle (>=3.0.0)"]

[metadata]
lock-version = "1.1"
python-versions = "^3.8"
content-hash = "be65e7cbae6483237366d119d3af08c26d00ba084513e0853fb30c0a14f5966b"

[metadata.files]
art = [
    {file = "art-5.5-py2.py3-none-any.whl", hash = "sha256:cd1bbc33f4d3f3b241244726496fac4899e6f0d8bf743f0129c7588d25325eb8"},
    {file = "art-5.5.tar.gz", hash = "sha256:9a0f3b44dccdcffab7811061eba1914378f75a33e7c535dcc37cc9d000642640"},
]
